
Microsoft Visual Studio Solution File, Format Version 12.00
# Visual Studio Version 16
VisualStudioVersion = 16.0.29519.87
MinimumVisualStudioVersion = 10.0.40219.1
Project("{FAE04EC0-301F-11D3-BF4B-00C04F79EFBC}") = "UrbanFarm.Web", "UrbanFarm\UrbanFarm.Web.csproj", "{106A96D7-94BD-4666-B90D-857F51927740}"
EndProject
Project("{FAE04EC0-301F-11D3-BF4B-00C04F79EFBC}") = "UrbanFarm.Data", "UrbanFarm.Data\UrbanFarm.Data.csproj", "{0A142F07-F775-478F-9AE9-ED646250AE52}"
EndProject
Global
	GlobalSection(SolutionConfigurationPlatforms) = preSolution
		Debug|Any CPU = Debug|Any CPU
		Release|Any CPU = Release|Any CPU
	EndGlobalSection
	GlobalSection(ProjectConfigurationPlatforms) = postSolution
		{106A96D7-94BD-4666-B90D-857F51927740}.Debug|Any CPU.ActiveCfg = Debug|Any CPU
		{106A96D7-94BD-4666-B90D-857F51927740}.Debug|Any CPU.Build.0 = Debug|Any CPU
		{106A96D7-94BD-4666-B90D-857F51927740}.Release|Any CPU.ActiveCfg = Release|Any CPU
		{106A96D7-94BD-4666-B90D-857F51927740}.Release|Any CPU.Build.0 = Release|Any CPU
		{0A142F07-F775-478F-9AE9-ED646250AE52}.Debug|Any CPU.ActiveCfg = Debug|Any CPU
		{0A142F07-F775-478F-9AE9-ED646250AE52}.Debug|Any CPU.Build.0 = Debug|Any CPU
		{0A142F07-F775-478F-9AE9-ED646250AE52}.Release|Any CPU.ActiveCfg = Release|Any CPU
		{0A142F07-F775-478F-9AE9-ED646250AE52}.Release|Any CPU.Build.0 = Release|Any CPU
	EndGlobalSection
	GlobalSection(SolutionProperties) = preSolution
		HideSolutionNode = FALSE
	EndGlobalSection
	GlobalSection(ExtensibilityGlobals) = postSolution
		SolutionGuid = {929EAFD6-129C-4462-9F87-81B77604260F}
	EndGlobalSection
EndGlobal
